// !$*UTF8*$!
{
	archiveVersion = 1;
	classes = {
	};
	objectVersion = 55;
	objects = {

/* Begin PBXBuildFile section */
		8D0393F228FF3FBF00712C22 /* ComposableArchitecture in Frameworks */ = {isa = PBXBuildFile; productRef = 8D0393F128FF3FBF00712C22 /* ComposableArchitecture */; };
		8D0393F428FF3FBF00712C22 /* Dependencies in Frameworks */ = {isa = PBXBuildFile; productRef = 8D0393F328FF3FBF00712C22 /* Dependencies */; };
		8D9A9B35290E870A002F1C2A /* CountryResponse.swift in Sources */ = {isa = PBXBuildFile; fileRef = 8D9A9B34290E870A002F1C2A /* CountryResponse.swift */; };
		8D9B233328FBFB740035A8D5 /* CountriesApp.swift in Sources */ = {isa = PBXBuildFile; fileRef = 8D9B233228FBFB740035A8D5 /* CountriesApp.swift */; };
		8D9B233728FBFB740035A8D5 /* Assets.xcassets in Resources */ = {isa = PBXBuildFile; fileRef = 8D9B233628FBFB740035A8D5 /* Assets.xcassets */; };
		8D9B233A28FBFB740035A8D5 /* Preview Assets.xcassets in Resources */ = {isa = PBXBuildFile; fileRef = 8D9B233928FBFB740035A8D5 /* Preview Assets.xcassets */; };
		8D9B234628FBFB870035A8D5 /* CountriesClient.swift in Sources */ = {isa = PBXBuildFile; fileRef = 8D9B234128FBFB870035A8D5 /* CountriesClient.swift */; };
		8D9B234728FBFB870035A8D5 /* CountriesView.swift in Sources */ = {isa = PBXBuildFile; fileRef = 8D9B234228FBFB870035A8D5 /* CountriesView.swift */; };
		8D9B234828FBFB870035A8D5 /* CountriesViewModel.swift in Sources */ = {isa = PBXBuildFile; fileRef = 8D9B234328FBFB870035A8D5 /* CountriesViewModel.swift */; };
		8D9B235528FC10B20035A8D5 /* CountriesTests.swift in Sources */ = {isa = PBXBuildFile; fileRef = 8D9B235428FC10B20035A8D5 /* CountriesTests.swift */; };
/* End PBXBuildFile section */

/* Begin PBXContainerItemProxy section */
		8D9B235628FC10B20035A8D5 /* PBXContainerItemProxy */ = {
			isa = PBXContainerItemProxy;
			containerPortal = 8D9B232728FBFB730035A8D5 /* Project object */;
			proxyType = 1;
			remoteGlobalIDString = 8D9B232E28FBFB740035A8D5;
			remoteInfo = Countries;
		};
/* End PBXContainerItemProxy section */

/* Begin PBXFileReference section */
		8D9A9B34290E870A002F1C2A /* CountryResponse.swift */ = {isa = PBXFileReference; lastKnownFileType = sourcecode.swift; path = CountryResponse.swift; sourceTree = "<group>"; };
		8D9B232F28FBFB740035A8D5 /* Countries.app */ = {isa = PBXFileReference; explicitFileType = wrapper.application; includeInIndex = 0; path = Countries.app; sourceTree = BUILT_PRODUCTS_DIR; };
		8D9B233228FBFB740035A8D5 /* CountriesApp.swift */ = {isa = PBXFileReference; lastKnownFileType = sourcecode.swift; path = CountriesApp.swift; sourceTree = "<group>"; };
		8D9B233628FBFB740035A8D5 /* Assets.xcassets */ = {isa = PBXFileReference; lastKnownFileType = folder.assetcatalog; path = Assets.xcassets; sourceTree = "<group>"; };
		8D9B233928FBFB740035A8D5 /* Preview Assets.xcassets */ = {isa = PBXFileReference; lastKnownFileType = folder.assetcatalog; path = "Preview Assets.xcassets"; sourceTree = "<group>"; };
		8D9B234128FBFB870035A8D5 /* CountriesClient.swift */ = {isa = PBXFileReference; fileEncoding = 4; lastKnownFileType = sourcecode.swift; path = CountriesClient.swift; sourceTree = "<group>"; };
		8D9B234228FBFB870035A8D5 /* CountriesView.swift */ = {isa = PBXFileReference; fileEncoding = 4; lastKnownFileType = sourcecode.swift; path = CountriesView.swift; sourceTree = "<group>"; };
		8D9B234328FBFB870035A8D5 /* CountriesViewModel.swift */ = {isa = PBXFileReference; fileEncoding = 4; lastKnownFileType = sourcecode.swift; path = CountriesViewModel.swift; sourceTree = "<group>"; };
		8D9B235228FC10B20035A8D5 /* CountriesTests.xctest */ = {isa = PBXFileReference; explicitFileType = wrapper.cfbundle; includeInIndex = 0; path = CountriesTests.xctest; sourceTree = BUILT_PRODUCTS_DIR; };
		8D9B235428FC10B20035A8D5 /* CountriesTests.swift */ = {isa = PBXFileReference; lastKnownFileType = sourcecode.swift; path = CountriesTests.swift; sourceTree = "<group>"; };
/* End PBXFileReference section */

/* Begin PBXFrameworksBuildPhase section */
		8D9B232C28FBFB740035A8D5 /* Frameworks */ = {
			isa = PBXFrameworksBuildPhase;
			buildActionMask = 2147483647;
			files = (
				8D0393F228FF3FBF00712C22 /* ComposableArchitecture in Frameworks */,
				8D0393F428FF3FBF00712C22 /* Dependencies in Frameworks */,
			);
			runOnlyForDeploymentPostprocessing = 0;
		};
		8D9B234F28FC10B20035A8D5 /* Frameworks */ = {
			isa = PBXFrameworksBuildPhase;
			buildActionMask = 2147483647;
			files = (
			);
			runOnlyForDeploymentPostprocessing = 0;
		};
/* End PBXFrameworksBuildPhase section */

/* Begin PBXGroup section */
		8D9B232628FBFB730035A8D5 = {
			isa = PBXGroup;
			children = (
				8D9B233128FBFB740035A8D5 /* Countries */,
				8D9B235328FC10B20035A8D5 /* CountriesTests */,
				8D9B233028FBFB740035A8D5 /* Products */,
			);
			sourceTree = "<group>";
		};
		8D9B233028FBFB740035A8D5 /* Products */ = {
			isa = PBXGroup;
			children = (
				8D9B232F28FBFB740035A8D5 /* Countries.app */,
				8D9B235228FC10B20035A8D5 /* CountriesTests.xctest */,
			);
			name = Products;
			sourceTree = "<group>";
		};
		8D9B233128FBFB740035A8D5 /* Countries */ = {
			isa = PBXGroup;
			children = (
				8D9B233228FBFB740035A8D5 /* CountriesApp.swift */,
				8D9B234228FBFB870035A8D5 /* CountriesView.swift */,
				8D9B234328FBFB870035A8D5 /* CountriesViewModel.swift */,
				8D9B234128FBFB870035A8D5 /* CountriesClient.swift */,
				8D9A9B34290E870A002F1C2A /* CountryResponse.swift */,
				8D9B233628FBFB740035A8D5 /* Assets.xcassets */,
				8D9B233828FBFB740035A8D5 /* Preview Content */,
			);
			path = Countries;
			sourceTree = "<group>";
		};
		8D9B233828FBFB740035A8D5 /* Preview Content */ = {
			isa = PBXGroup;
			children = (
				8D9B233928FBFB740035A8D5 /* Preview Assets.xcassets */,
			);
			path = "Preview Content";
			sourceTree = "<group>";
		};
		8D9B235328FC10B20035A8D5 /* CountriesTests */ = {
			isa = PBXGroup;
			children = (
				8D9B235428FC10B20035A8D5 /* CountriesTests.swift */,
			);
			path = CountriesTests;
			sourceTree = "<group>";
		};
/* End PBXGroup section */

/* Begin PBXNativeTarget section */
		8D9B232E28FBFB740035A8D5 /* Countries */ = {
			isa = PBXNativeTarget;
			buildConfigurationList = 8D9B233D28FBFB740035A8D5 /* Build configuration list for PBXNativeTarget "Countries" */;
			buildPhases = (
				8D9B232B28FBFB740035A8D5 /* Sources */,
				8D9B232C28FBFB740035A8D5 /* Frameworks */,
				8D9B232D28FBFB740035A8D5 /* Resources */,
			);
			buildRules = (
			);
			dependencies = (
			);
			name = Countries;
			packageProductDependencies = (
				8D0393F128FF3FBF00712C22 /* ComposableArchitecture */,
				8D0393F328FF3FBF00712C22 /* Dependencies */,
			);
			productName = Countries;
			productReference = 8D9B232F28FBFB740035A8D5 /* Countries.app */;
			productType = "com.apple.product-type.application";
		};
		8D9B235128FC10B20035A8D5 /* CountriesTests */ = {
			isa = PBXNativeTarget;
			buildConfigurationList = 8D9B235828FC10B20035A8D5 /* Build configuration list for PBXNativeTarget "CountriesTests" */;
			buildPhases = (
				8D9B234E28FC10B20035A8D5 /* Sources */,
				8D9B234F28FC10B20035A8D5 /* Frameworks */,
				8D9B235028FC10B20035A8D5 /* Resources */,
			);
			buildRules = (
			);
			dependencies = (
				8D9B235728FC10B20035A8D5 /* PBXTargetDependency */,
			);
			name = CountriesTests;
			productName = CountriesTests;
			productReference = 8D9B235228FC10B20035A8D5 /* CountriesTests.xctest */;
			productType = "com.apple.product-type.bundle.unit-test";
		};
/* End PBXNativeTarget section */

/* Begin PBXProject section */
		8D9B232728FBFB730035A8D5 /* Project object */ = {
			isa = PBXProject;
			attributes = {
				BuildIndependentTargetsInParallel = 1;
				LastSwiftUpdateCheck = 1330;
				LastUpgradeCheck = 1330;
				TargetAttributes = {
					8D9B232E28FBFB740035A8D5 = {
						CreatedOnToolsVersion = 13.3;
					};
					8D9B235128FC10B20035A8D5 = {
						CreatedOnToolsVersion = 13.3;
						TestTargetID = 8D9B232E28FBFB740035A8D5;
					};
				};
			};
			buildConfigurationList = 8D9B232A28FBFB730035A8D5 /* Build configuration list for PBXProject "Countries" */;
			compatibilityVersion = "Xcode 13.0";
			developmentRegion = en;
			hasScannedForEncodings = 0;
			knownRegions = (
				en,
				Base,
			);
			mainGroup = 8D9B232628FBFB730035A8D5;
			packageReferences = (
				8D0393F028FF3FBF00712C22 /* XCRemoteSwiftPackageReference "swift-composable-architecture" */,
			);
			productRefGroup = 8D9B233028FBFB740035A8D5 /* Products */;
			projectDirPath = "";
			projectRoot = "";
			targets = (
				8D9B232E28FBFB740035A8D5 /* Countries */,
				8D9B235128FC10B20035A8D5 /* CountriesTests */,
			);
		};
/* End PBXProject section */

/* Begin PBXResourcesBuildPhase section */
		8D9B232D28FBFB740035A8D5 /* Resources */ = {
			isa = PBXResourcesBuildPhase;
			buildActionMask = 2147483647;
			files = (
				8D9B233A28FBFB740035A8D5 /* Preview Assets.xcassets in Resources */,
				8D9B233728FBFB740035A8D5 /* Assets.xcassets in Resources */,
			);
			runOnlyForDeploymentPostprocessing = 0;
		};
		8D9B235028FC10B20035A8D5 /* Resources */ = {
			isa = PBXResourcesBuildPhase;
			buildActionMask = 2147483647;
			files = (
			);
			runOnlyForDeploymentPostprocessing = 0;
		};
/* End PBXResourcesBuildPhase section */

/* Begin PBXSourcesBuildPhase section */
		8D9B232B28FBFB740035A8D5 /* Sources */ = {
			isa = PBXSourcesBuildPhase;
			buildActionMask = 2147483647;
			files = (
				8D9A9B35290E870A002F1C2A /* CountryResponse.swift in Sources */,
				8D9B234728FBFB870035A8D5 /* CountriesView.swift in Sources */,
				8D9B234628FBFB870035A8D5 /* CountriesClient.swift in Sources */,
				8D9B233328FBFB740035A8D5 /* CountriesApp.swift in Sources */,
				8D9B234828FBFB870035A8D5 /* CountriesViewModel.swift in Sources */,
			);
			runOnlyForDeploymentPostprocessing = 0;
		};
		8D9B234E28FC10B20035A8D5 /* Sources */ = {
			isa = PBXSourcesBuildPhase;
			buildActionMask = 2147483647;
			files = (
				8D9B235528FC10B20035A8D5 /* CountriesTests.swift in Sources */,
			);
			runOnlyForDeploymentPostprocessing = 0;
		};
/* End PBXSourcesBuildPhase section */

/* Begin PBXTargetDependency section */
		8D9B235728FC10B20035A8D5 /* PBXTargetDependency */ = {
			isa = PBXTargetDependency;
			target = 8D9B232E28FBFB740035A8D5 /* Countries */;
			targetProxy = 8D9B235628FC10B20035A8D5 /* PBXContainerItemProxy */;
		};
/* End PBXTargetDependency section */

/* Begin XCBuildConfiguration section */
		8D9B233B28FBFB740035A8D5 /* Debug */ = {
			isa = XCBuildConfiguration;
			buildSettings = {
				ALWAYS_SEARCH_USER_PATHS = NO;
				CLANG_ANALYZER_NONNULL = YES;
				CLANG_ANALYZER_NUMBER_OBJECT_CONVERSION = YES_AGGRESSIVE;
				CLANG_CXX_LANGUAGE_STANDARD = "gnu++17";
				CLANG_ENABLE_MODULES = YES;
				CLANG_ENABLE_OBJC_ARC = YES;
				CLANG_ENABLE_OBJC_WEAK = YES;
				CLANG_WARN_BLOCK_CAPTURE_AUTORELEASING = YES;
				CLANG_WARN_BOOL_CONVERSION = YES;
				CLANG_WARN_COMMA = YES;
				CLANG_WARN_CONSTANT_CONVERSION = YES;
				CLANG_WARN_DEPRECATED_OBJC_IMPLEMENTATIONS = YES;
				CLANG_WARN_DIRECT_OBJC_ISA_USAGE = YES_ERROR;
				CLANG_WARN_DOCUMENTATION_COMMENTS = YES;
				CLANG_WARN_EMPTY_BODY = YES;
				CLANG_WARN_ENUM_CONVERSION = YES;
				CLANG_WARN_INFINITE_RECURSION = YES;
				CLANG_WARN_INT_CONVERSION = YES;
				CLANG_WARN_NON_LITERAL_NULL_CONVERSION = YES;
				CLANG_WARN_OBJC_IMPLICIT_RETAIN_SELF = YES;
				CLANG_WARN_OBJC_LITERAL_CONVERSION = YES;
				CLANG_WARN_OBJC_ROOT_CLASS = YES_ERROR;
				CLANG_WARN_QUOTED_INCLUDE_IN_FRAMEWORK_HEADER = YES;
				CLANG_WARN_RANGE_LOOP_ANALYSIS = YES;
				CLANG_WARN_STRICT_PROTOTYPES = YES;
				CLANG_WARN_SUSPICIOUS_MOVE = YES;
				CLANG_WARN_UNGUARDED_AVAILABILITY = YES_AGGRESSIVE;
				CLANG_WARN_UNREACHABLE_CODE = YES;
				CLANG_WARN__DUPLICATE_METHOD_MATCH = YES;
				COPY_PHASE_STRIP = NO;
				DEBUG_INFORMATION_FORMAT = dwarf;
				ENABLE_STRICT_OBJC_MSGSEND = YES;
				ENABLE_TESTABILITY = YES;
				GCC_C_LANGUAGE_STANDARD = gnu11;
				GCC_DYNAMIC_NO_PIC = NO;
				GCC_NO_COMMON_BLOCKS = YES;
				GCC_OPTIMIZATION_LEVEL = 0;
				GCC_PREPROCESSOR_DEFINITIONS = (
					"DEBUG=1",
					"$(inherited)",
				);
				GCC_WARN_64_TO_32_BIT_CONVERSION = YES;
				GCC_WARN_ABOUT_RETURN_TYPE = YES_ERROR;
				GCC_WARN_UNDECLARED_SELECTOR = YES;
				GCC_WARN_UNINITIALIZED_AUTOS = YES_AGGRESSIVE;
				GCC_WARN_UNUSED_FUNCTION = YES;
				GCC_WARN_UNUSED_VARIABLE = YES;
				IPHONEOS_DEPLOYMENT_TARGET = 16.0;
				MTL_ENABLE_DEBUG_INFO = INCLUDE_SOURCE;
				MTL_FAST_MATH = YES;
				ONLY_ACTIVE_ARCH = YES;
				SDKROOT = iphoneos;
				SWIFT_ACTIVE_COMPILATION_CONDITIONS = DEBUG;
				SWIFT_OPTIMIZATION_LEVEL = "-Onone";
			};
			name = Debug;
		};
		8D9B233C28FBFB740035A8D5 /* Release */ = {
			isa = XCBuildConfiguration;
			buildSettings = {
				ALWAYS_SEARCH_USER_PATHS = NO;
				CLANG_ANALYZER_NONNULL = YES;
				CLANG_ANALYZER_NUMBER_OBJECT_CONVERSION = YES_AGGRESSIVE;
				CLANG_CXX_LANGUAGE_STANDARD = "gnu++17";
				CLANG_ENABLE_MODULES = YES;
				CLANG_ENABLE_OBJC_ARC = YES;
				CLANG_ENABLE_OBJC_WEAK = YES;
				CLANG_WARN_BLOCK_CAPTURE_AUTORELEASING = YES;
				CLANG_WARN_BOOL_CONVERSION = YES;
				CLANG_WARN_COMMA = YES;
				CLANG_WARN_CONSTANT_CONVERSION = YES;
				CLANG_WARN_DEPRECATED_OBJC_IMPLEMENTATIONS = YES;
				CLANG_WARN_DIRECT_OBJC_ISA_USAGE = YES_ERROR;
				CLANG_WARN_DOCUMENTATION_COMMENTS = YES;
				CLANG_WARN_EMPTY_BODY = YES;
				CLANG_WARN_ENUM_CONVERSION = YES;
				CLANG_WARN_INFINITE_RECURSION = YES;
				CLANG_WARN_INT_CONVERSION = YES;
				CLANG_WARN_NON_LITERAL_NULL_CONVERSION = YES;
				CLANG_WARN_OBJC_IMPLICIT_RETAIN_SELF = YES;
				CLANG_WARN_OBJC_LITERAL_CONVERSION = YES;
				CLANG_WARN_OBJC_ROOT_CLASS = YES_ERROR;
				CLANG_WARN_QUOTED_INCLUDE_IN_FRAMEWORK_HEADER = YES;
				CLANG_WARN_RANGE_LOOP_ANALYSIS = YES;
				CLANG_WARN_STRICT_PROTOTYPES = YES;
				CLANG_WARN_SUSPICIOUS_MOVE = YES;
				CLANG_WARN_UNGUARDED_AVAILABILITY = YES_AGGRESSIVE;
				CLANG_WARN_UNREACHABLE_CODE = YES;
				CLANG_WARN__DUPLICATE_METHOD_MATCH = YES;
				COPY_PHASE_STRIP = NO;
				DEBUG_INFORMATION_FORMAT = "dwarf-with-dsym";
				ENABLE_NS_ASSERTIONS = NO;
				ENABLE_STRICT_OBJC_MSGSEND = YES;
				GCC_C_LANGUAGE_STANDARD = gnu11;
				GCC_NO_COMMON_BLOCKS = YES;
				GCC_WARN_64_TO_32_BIT_CONVERSION = YES;
				GCC_WARN_ABOUT_RETURN_TYPE = YES_ERROR;
				GCC_WARN_UNDECLARED_SELECTOR = YES;
				GCC_WARN_UNINITIALIZED_AUTOS = YES_AGGRESSIVE;
				GCC_WARN_UNUSED_FUNCTION = YES;
				GCC_WARN_UNUSED_VARIABLE = YES;
				IPHONEOS_DEPLOYMENT_TARGET = 16.0;
				MTL_ENABLE_DEBUG_INFO = NO;
				MTL_FAST_MATH = YES;
				SDKROOT = iphoneos;
				SWIFT_COMPILATION_MODE = wholemodule;
				SWIFT_OPTIMIZATION_LEVEL = "-O";
				VALIDATE_PRODUCT = YES;
			};
			name = Release;
		};
		8D9B233E28FBFB740035A8D5 /* Debug */ = {
			isa = XCBuildConfiguration;
			buildSettings = {
				ASSETCATALOG_COMPILER_APPICON_NAME = AppIcon;
				ASSETCATALOG_COMPILER_GLOBAL_ACCENT_COLOR_NAME = AccentColor;
				CODE_SIGN_STYLE = Automatic;
				CURRENT_PROJECT_VERSION = 1;
				DEVELOPMENT_ASSET_PATHS = "\"Countries/Preview Content\"";
				DEVELOPMENT_TEAM = "";
				ENABLE_PREVIEWS = YES;
				GENERATE_INFOPLIST_FILE = YES;
				INFOPLIST_KEY_UIApplicationSceneManifest_Generation = YES;
				INFOPLIST_KEY_UIApplicationSupportsIndirectInputEvents = YES;
				INFOPLIST_KEY_UILaunchScreen_Generation = YES;
				INFOPLIST_KEY_UISupportedInterfaceOrientations_iPad = "UIInterfaceOrientationPortrait UIInterfaceOrientationPortraitUpsideDown UIInterfaceOrientationLandscapeLeft UIInterfaceOrientationLandscapeRight";
				INFOPLIST_KEY_UISupportedInterfaceOrientations_iPhone = "UIInterfaceOrientationPortrait UIInterfaceOrientationLandscapeLeft UIInterfaceOrientationLandscapeRight";
				LD_RUNPATH_SEARCH_PATHS = (
					"$(inherited)",
					"@executable_path/Frameworks",
				);
				MARKETING_VERSION = 1.0;
				PRODUCT_BUNDLE_IDENTIFIER = com.kodryan.Countries;
				PRODUCT_NAME = "$(TARGET_NAME)";
				SWIFT_EMIT_LOC_STRINGS = YES;
				SWIFT_VERSION = 5.0;
				TARGETED_DEVICE_FAMILY = "1,2";
			};
			name = Debug;
		};
		8D9B233F28FBFB740035A8D5 /* Release */ = {
			isa = XCBuildConfiguration;
			buildSettings = {
				ASSETCATALOG_COMPILER_APPICON_NAME = AppIcon;
				ASSETCATALOG_COMPILER_GLOBAL_ACCENT_COLOR_NAME = AccentColor;
				CODE_SIGN_STYLE = Automatic;
				CURRENT_PROJECT_VERSION = 1;
				DEVELOPMENT_ASSET_PATHS = "\"Countries/Preview Content\"";
				DEVELOPMENT_TEAM = "";
				ENABLE_PREVIEWS = YES;
				GENERATE_INFOPLIST_FILE = YES;
				INFOPLIST_KEY_UIApplicationSceneManifest_Generation = YES;
				INFOPLIST_KEY_UIApplicationSupportsIndirectInputEvents = YES;
				INFOPLIST_KEY_UILaunchScreen_Generation = YES;
				INFOPLIST_KEY_UISupportedInterfaceOrientations_iPad = "UIInterfaceOrientationPortrait UIInterfaceOrientationPortraitUpsideDown UIInterfaceOrientationLandscapeLeft UIInterfaceOrientationLandscapeRight";
				INFOPLIST_KEY_UISupportedInterfaceOrientations_iPhone = "UIInterfaceOrientationPortrait UIInterfaceOrientationLandscapeLeft UIInterfaceOrientationLandscapeRight";
				LD_RUNPATH_SEARCH_PATHS = (
					"$(inherited)",
					"@executable_path/Frameworks",
				);
				MARKETING_VERSION = 1.0;
				PRODUCT_BUNDLE_IDENTIFIER = com.kodryan.Countries;
				PRODUCT_NAME = "$(TARGET_NAME)";
				SWIFT_EMIT_LOC_STRINGS = YES;
				SWIFT_VERSION = 5.0;
				TARGETED_DEVICE_FAMILY = "1,2";
			};
			name = Release;
		};
		8D9B235928FC10B20035A8D5 /* Debug */ = {
			isa = XCBuildConfiguration;
			buildSettings = {
				BUNDLE_LOADER = "$(TEST_HOST)";
				CODE_SIGN_STYLE = Automatic;
				CURRENT_PROJECT_VERSION = 1;
				DEVELOPMENT_TEAM = 8WTFSK86MZ;
				GENERATE_INFOPLIST_FILE = YES;
				MARKETING_VERSION = 1.0;
				PRODUCT_BUNDLE_IDENTIFIER = com.kodryan.CountriesTests;
				PRODUCT_NAME = "$(TARGET_NAME)";
				SWIFT_EMIT_LOC_STRINGS = NO;
				SWIFT_VERSION = 5.0;
				TARGETED_DEVICE_FAMILY = "1,2";
				TEST_HOST = "$(BUILT_PRODUCTS_DIR)/Countries.app/Countries";
			};
			name = Debug;
		};
		8D9B235A28FC10B20035A8D5 /* Release */ = {
			isa = XCBuildConfiguration;
			buildSettings = {
				BUNDLE_LOADER = "$(TEST_HOST)";
				CODE_SIGN_STYLE = Automatic;
				CURRENT_PROJECT_VERSION = 1;
				DEVELOPMENT_TEAM = 8WTFSK86MZ;
				GENERATE_INFOPLIST_FILE = YES;
				MARKETING_VERSION = 1.0;
				PRODUCT_BUNDLE_IDENTIFIER = com.kodryan.CountriesTests;
				PRODUCT_NAME = "$(TARGET_NAME)";
				SWIFT_EMIT_LOC_STRINGS = NO;
				SWIFT_VERSION = 5.0;
				TARGETED_DEVICE_FAMILY = "1,2";
				TEST_HOST = "$(BUILT_PRODUCTS_DIR)/Countries.app/Countries";
			};
			name = Release;
		};
/* End XCBuildConfiguration section */

/* Begin XCConfigurationList section */
		8D9B232A28FBFB730035A8D5 /* Build configuration list for PBXProject "Countries" */ = {
			isa = XCConfigurationList;
			buildConfigurations = (
				8D9B233B28FBFB740035A8D5 /* Debug */,
				8D9B233C28FBFB740035A8D5 /* Release */,
			);
			defaultConfigurationIsVisible = 0;
			defaultConfigurationName = Release;
		};
		8D9B233D28FBFB740035A8D5 /* Build configuration list for PBXNativeTarget "Countries" */ = {
			isa = XCConfigurationList;
			buildConfigurations = (
				8D9B233E28FBFB740035A8D5 /* Debug */,
				8D9B233F28FBFB740035A8D5 /* Release */,
			);
			defaultConfigurationIsVisible = 0;
			defaultConfigurationName = Release;
		};
		8D9B235828FC10B20035A8D5 /* Build configuration list for PBXNativeTarget "CountriesTests" */ = {
			isa = XCConfigurationList;
			buildConfigurations = (
				8D9B235928FC10B20035A8D5 /* Debug */,
				8D9B235A28FC10B20035A8D5 /* Release */,
			);
			defaultConfigurationIsVisible = 0;
			defaultConfigurationName = Release;
		};
/* End XCConfigurationList section */

/* Begin XCRemoteSwiftPackageReference section */
		8D0393F028FF3FBF00712C22 /* XCRemoteSwiftPackageReference "swift-composable-architecture" */ = {
			isa = XCRemoteSwiftPackageReference;
			repositoryURL = "https://github.com/pointfreeco/swift-composable-architecture.git";
			requirement = {
				kind = upToNextMajorVersion;
				minimumVersion = 0.42.0;
			};
		};
/* End XCRemoteSwiftPackageReference section */

/* Begin XCSwiftPackageProductDependency section */
		8D0393F128FF3FBF00712C22 /* ComposableArchitecture */ = {
			isa = XCSwiftPackageProductDependency;
			package = 8D0393F028FF3FBF00712C22 /* XCRemoteSwiftPackageReference "swift-composable-architecture" */;
			productName = ComposableArchitecture;
		};
		8D0393F328FF3FBF00712C22 /* Dependencies */ = {
			isa = XCSwiftPackageProductDependency;
			package = 8D0393F028FF3FBF00712C22 /* XCRemoteSwiftPackageReference "swift-composable-architecture" */;
			productName = Dependencies;
		};
/* End XCSwiftPackageProductDependency section */
	};
	rootObject = 8D9B232728FBFB730035A8D5 /* Project object */;
}
